PODS:
  - Cache (5.2.0)
  - Hero (1.4.0)
  - Imaginary (4.2.0):
    - Cache (~> 5.0)
  - Lightbox (2.3.0):
    - Imaginary (~> 4.0)
  - Realm (3.11.1):
    - Realm/Headers (= 3.11.1)
  - Realm/Headers (3.11.1)
  - RealmSwift (3.11.1):
    - Realm (= 3.11.1)
  - RxAtomic (4.4.0)
  - RxSwift (4.4.0):
    - RxAtomic (~> 4.4)
  - SnapKit (4.0.1)
  - SwiftyJSON (4.2.0)

DEPENDENCIES:
  - Hero
  - Lightbox
  - RealmSwift
  - RxSwift
  - SnapKit (~> 4.0.0)
  - SwiftyJSON

SPEC CHECKSUMS:
  Cache: 807c5d86d01a177f06ede9865add3aea269bbfd4
  Hero: bac92350d7201a1a940003e0767c7b52ce7c99a1
  Imaginary: dae33d06dbc2ada22f98afef5eb45cc061311a2c
  Lightbox: d317750e4132bfb871a5307cfe0a2c7d6a583c65
  Realm: 037c5919b9ceb59d6beed5d3b031096856b119b3
  RealmSwift: c9580133e73ef40ed340401af2dbc9a5790dfea7
  RxAtomic: eacf60db868c96bfd63320e28619fe29c179656f
  RxSwift: 5976ecd04fc2fefd648827c23de5e11157faa973
  SnapKit: 0de968a9fec17499afa29683b05d0c775b6d1c29
  SwiftyJSON: c4bcba26dd9ec7a027fc8eade48e2c911f229e96

PODFILE CHECKSUM: 78a3dc19dc545e48e6ca8f13768307763892f925

COCOAPODS: 1.4.0
